
Microsoft Visual Studio Solution File, Format Version 12.00
# Visual Studio Version 17
VisualStudioVersion = 17.9.34902.65
MinimumVisualStudioVersion = 10.0.40219.1
Project("{FAE04EC0-301F-11D3-BF4B-00C04F79EFBC}") = "ad_Manager", "ad_Manager\ad_Manager.csproj", "{E05AA8CC-E982-4C9F-8CDF-0D71E6112981}"
EndProject
Project("{FAE04EC0-301F-11D3-BF4B-00C04F79EFBC}") = "BLL", "BLL\BLL.csproj", "{DD256EF2-B5D7-4802-AFB4-EC2C330A5967}"
EndProject
Project("{FAE04EC0-301F-11D3-BF4B-00C04F79EFBC}") = "DAL", "DLL\DAL.csproj", "{E5085895-79BC-4642-8A94-A3806AEBA361}"
EndProject
Global
	GlobalSection(SolutionConfigurationPlatforms) = preSolution
		Debug|Any CPU = Debug|Any CPU
		Release|Any CPU = Release|Any CPU
	EndGlobalSection
	GlobalSection(ProjectConfigurationPlatforms) = postSolution
		{E05AA8CC-E982-4C9F-8CDF-0D71E6112981}.Debug|Any CPU.ActiveCfg = Debug|Any CPU
		{E05AA8CC-E982-4C9F-8CDF-0D71E6112981}.Debug|Any CPU.Build.0 = Debug|Any CPU
		{E05AA8CC-E982-4C9F-8CDF-0D71E6112981}.Release|Any CPU.ActiveCfg = Release|Any CPU
		{E05AA8CC-E982-4C9F-8CDF-0D71E6112981}.Release|Any CPU.Build.0 = Release|Any CPU
		{DD256EF2-B5D7-4802-AFB4-EC2C330A5967}.Debug|Any CPU.ActiveCfg = Debug|Any CPU
		{DD256EF2-B5D7-4802-AFB4-EC2C330A5967}.Debug|Any CPU.Build.0 = Debug|Any CPU
		{DD256EF2-B5D7-4802-AFB4-EC2C330A5967}.Release|Any CPU.ActiveCfg = Release|Any CPU
		{DD256EF2-B5D7-4802-AFB4-EC2C330A5967}.Release|Any CPU.Build.0 = Release|Any CPU
		{E5085895-79BC-4642-8A94-A3806AEBA361}.Debug|Any CPU.ActiveCfg = Debug|Any CPU
		{E5085895-79BC-4642-8A94-A3806AEBA361}.Debug|Any CPU.Build.0 = Debug|Any CPU
		{E5085895-79BC-4642-8A94-A3806AEBA361}.Release|Any CPU.ActiveCfg = Release|Any CPU
		{E5085895-79BC-4642-8A94-A3806AEBA361}.Release|Any CPU.Build.0 = Release|Any CPU
	EndGlobalSection
	GlobalSection(SolutionProperties) = preSolution
		HideSolutionNode = FALSE
	EndGlobalSection
	GlobalSection(ExtensibilityGlobals) = postSolution
		SolutionGuid = {B653359E-D3CC-4C13-8D45-064DAE0A46C2}
	EndGlobalSection
EndGlobal
